
Microsoft Visual Studio Solution File, Format Version 12.00
# Visual Studio 15
VisualStudioVersion = 15.0.27130.2024
MinimumVisualStudioVersion = 10.0.40219.1
Project("{FAE04EC0-301F-11D3-BF4B-00C04F79EFBC}") = "ReservationSystem", "ReservationSystem\ReservationSystem.csproj", "{ABD87B45-30B4-4823-9D95-BDC98F3C08C4}"
EndProject
Global
	GlobalSection(SolutionConfigurationPlatforms) = preSolution
		Debug|Any CPU = Debug|Any CPU
		Release|Any CPU = Release|Any CPU
	EndGlobalSection
	GlobalSection(ProjectConfigurationPlatforms) = postSolution
		{ABD87B45-30B4-4823-9D95-BDC98F3C08C4}.Debug|Any CPU.ActiveCfg = Debug|Any CPU
		{ABD87B45-30B4-4823-9D95-BDC98F3C08C4}.Debug|Any CPU.Build.0 = Debug|Any CPU
		{ABD87B45-30B4-4823-9D95-BDC98F3C08C4}.Release|Any CPU.ActiveCfg = Release|Any CPU
		{ABD87B45-30B4-4823-9D95-BDC98F3C08C4}.Release|Any CPU.Build.0 = Release|Any CPU
	EndGlobalSection
	GlobalSection(SolutionProperties) = preSolution
		HideSolutionNode = FALSE
	EndGlobalSection
	GlobalSection(ExtensibilityGlobals) = postSolution
		SolutionGuid = {CC1B9211-744A-4EA1-AB7A-9E0285E5DD21}
	EndGlobalSection
EndGlobal
